
Microsoft Visual Studio Solution File, Format Version 12.00
# Visual Studio Version 16
VisualStudioVersion = 16.0.810.22
MinimumVisualStudioVersion = 10.0.40219.1
Project("{FAE04EC0-301F-11D3-BF4B-00C04F79EFBC}") = "HTTPRoutingDemo", "HTTPRoutingDemo\HTTPRoutingDemo.csproj", "{5ADF5E48-0E83-49E8-9F8E-298C75E4C9DF}"
EndProject
Global
	GlobalSection(SolutionConfigurationPlatforms) = preSolution
		Debug|Any CPU = Debug|Any CPU
		Release|Any CPU = Release|Any CPU
	EndGlobalSection
	GlobalSection(ProjectConfigurationPlatforms) = postSolution
		{5ADF5E48-0E83-49E8-9F8E-298C75E4C9DF}.Debug|Any CPU.ActiveCfg = Debug|Any CPU
		{5ADF5E48-0E83-49E8-9F8E-298C75E4C9DF}.Debug|Any CPU.Build.0 = Debug|Any CPU
		{5ADF5E48-0E83-49E8-9F8E-298C75E4C9DF}.Release|Any CPU.ActiveCfg = Release|Any CPU
		{5ADF5E48-0E83-49E8-9F8E-298C75E4C9DF}.Release|Any CPU.Build.0 = Release|Any CPU
	EndGlobalSection
	GlobalSection(SolutionProperties) = preSolution
		HideSolutionNode = FALSE
	EndGlobalSection
	GlobalSection(ExtensibilityGlobals) = postSolution
		SolutionGuid = {0DE4A7B4-5BDE-4BC1-A08D-E56E582AD32E}
	EndGlobalSection
EndGlobal
